{
    "_meta": {
        "hash": {
            "sha256": "5767a33f621666976721d8b59ffe1314abfc2963970072072b292d7c8502da77"
        },
        "pipfile-spec": 6,
        "requires": {
            "python_version": "3.5"
        },
        "sources": [
            {
                "name": "pypi",
                "url": "https://pypi.python.org/simple",
                "verify_ssl": true
            }
        ]
    },
    "default": {
        "41f79e7": {
            "file": "file:///drive/amy/greenkey-discovery-sdk-private/discovery_sdk_utils"
        },
        "8b1fd45": {
            "file": "file:///drive/amy/greenkey-discovery-sdk-private/gk_cli"
        },
        "certifi": {
            "hashes": [
                "sha256:47f9c83ef4c0c621eaef743f133f09fa8a74a9b75f037e8624f83bd1b6626cb7",
                "sha256:993f830721089fef441cdfeb4b2c8c9df86f0c63239f06bd025a76a7daddb033"
            ],
            "version": "==2018.11.29"
        },
        "chardet": {
            "hashes": [
                "sha256:84ab92ed1c4d4f16916e05906b6b75a6c0fb5db821cc65e70cbd64a3e2a5eaae",
                "sha256:fc323ffcaeaed0e0a02bf4d117757b98aed530d9ed4531e3e15460124c106691"
            ],
            "version": "==3.0.4"
        },
        "editdistance": {
            "hashes": [
                "sha256:0287d9f1c066bc8abbb7e537f61d30ef641414b3e66067b8a35c3ec96874ee96",
                "sha256:046e7bc19b141386efe38598da3aa6b35eca86451ec168cf190200845c62a6b6",
                "sha256:08e08d8ad044a5925b5377997968304497702166aec72ffa42dd24d872c8135c",
                "sha256:0d7026e33d4211dfd0115f2a73ab7385733aad3af8342efadc82648c254bc847",
                "sha256:0f7ffb4d2a1b2a597c0852176c8b1923a37d6c78a89d0500406e8c57725d3d7b",
                "sha256:13412a819e6477d91ea9bfecf943a28b5235f47a27599a382fa18a6016bb3d22",
                "sha256:1b50e245317172697994ef3f104a0842d25706a3617a98b10b587763675d7761",
                "sha256:381361c57ba5a6306408388326b7d0fb5c439a61d12345ccc18a56ff429fce42",
                "sha256:39726c9f0100627397e910f2b7bf1b55e0113468dafd9c711c2c6b18446c5d3b",
                "sha256:4cfe7f72c65ebab2ddd2a0d095d9a0d4812e8b3bd06af59f05e3a0f1f4d97393",
                "sha256:564db41068bf2deec7544a466bf091702d9f07f00dda1ba36f9f285c370d5c63",
                "sha256:5a51276aaa6be65c2ac0fb807af93267b4f2488662fc925d27c4d317ef5d067a",
                "sha256:60f295c7c4d676bd034443ef1c8de156979a7e3d5e93ae35e808cf5acb108dd7",
                "sha256:61dcc9caf8ad7d033d9648c124f871812f6b9a2901643064c2e28ad42276f3c0",
                "sha256:6487ec8f9a977a4d7325e47539904e3926bb0bac3c0d4de041388b4186465351",
                "sha256:6527c1c41dd45e7a8f7ba93d66c832720ad1da88789aee2fb8749af149723c90",
                "sha256:7ed69b435bf733ffb0ffbacbedc95ebb28f874c79653a79d193f09f6c3d093ad",
                "sha256:8d5f21b69f423f70ee2707b35a2710fd1242730dd4f4e22d9a9f33a7404e00e2",
                "sha256:95d9bd96fc252ba092ee5324e8408029ac496b57e967769b82a340e8f3a68daf",
                "sha256:98b9627c08cfcfdd499a8370efdba97d4988ee4333c7b3ab2b76d43f7560c828",
                "sha256:a1c50691afa19ec010cd0dbdbcb56821b750b8eef5c28567d94c0b28afbcca80",
                "sha256:a8f079a91d8c6f5231df6a8419b98ca04383bd2998372be46ae0507ed9d86a32",
                "sha256:b200729cb374b54edb5836e8dde772f1f7ad759ce3b002f693bc46fec41037a1",
                "sha256:b6ba83a27c85179da5b50a3140a80f9545dc50c88a563b93fb50e7df779fffd3",
                "sha256:c4602da57ccbcb7788fb92ea71462477202219832e9a73fc4939c32a27ce8772",
                "sha256:c858370e156bce2025192bcd5a5b7a8d915bf7375ec2fbf6f0fc51e7c5d99b1f",
                "sha256:d18ac86f15c97ab079249aa611c4392d25806fc307598e27c14ed52ae9e29fc6",
                "sha256:d648f8c5f11dca3df89a6a3c0431ed6d04500b1cfcade297269150fa0baf1acc",
                "sha256:e0475b203cdad1e32874e65b4641ebf51d4e1afa0a5bf35ec74e6eee4c519335",
                "sha256:ec45c58bb9a18828bdc0411983b9494aba4d693220a9ef1e231cf78ad5436a20"
            ],
            "index": "pypi",
            "version": "==0.5.2"
        },
        "idna": {
            "hashes": [
                "sha256:c357b3f628cf53ae2c4c05627ecc484553142ca23264e593d327bcde5e9c3407",
                "sha256:ea8b7f6188e6fa117537c3df7da9fc686d485087abf6ac197f9c46432f7e4a3c"
            ],
            "version": "==2.8"
        },
        "requests": {
            "hashes": [
                "sha256:502a824f31acdacb3a35b6690b5fbf0bc41d63a24a45c4004352b0242707598e",
                "sha256:7bf2a778576d825600030a110f3c0e3e8edc51dfaafe1c146e39a2027784957b"
            ],
            "index": "pypi",
            "version": "==2.21.0"
        },
        "urllib3": {
            "hashes": [
                "sha256:61bf29cada3fc2fbefad4fdf059ea4bd1b4a86d2b6d15e1c7c0b582b9752fe39",
                "sha256:de9529817c93f27c8ccbfead6985011db27bd0ddfcdb2d86f3f663385c6a9c22"
            ],
            "version": "==1.24.1"
        }
    },
    "develop": {}
}
